// !$*UTF8*$!
{
	archiveVersion = 1;
	classes = {
	};
	objectVersion = 55;
	objects = {

/* Begin PBXBuildFile section */
		441AAE2F289A48E4001F2164 /* SoloGameView.swift in Sources */ = {isa = PBXBuildFile; fileRef = 441AAE2E289A48E4001F2164 /* SoloGameView.swift */; };
		441AAE32289A5E92001F2164 /* RoomCell.swift in Sources */ = {isa = PBXBuildFile; fileRef = 441AAE31289A5E92001F2164 /* RoomCell.swift */; };
		441AAE36289A65D8001F2164 /* RoomList.swift in Sources */ = {isa = PBXBuildFile; fileRef = 441AAE35289A65D8001F2164 /* RoomList.swift */; };
		441AAE38289AC7E8001F2164 /* BoardCell.swift in Sources */ = {isa = PBXBuildFile; fileRef = 441AAE37289AC7E8001F2164 /* BoardCell.swift */; };
		441AAE3A289ADF4A001F2164 /* BoardListView.swift in Sources */ = {isa = PBXBuildFile; fileRef = 441AAE39289ADF4A001F2164 /* BoardListView.swift */; };
		441AAE3C289AE06F001F2164 /* Board.swift in Sources */ = {isa = PBXBuildFile; fileRef = 441AAE3B289AE06F001F2164 /* Board.swift */; };
		4420E114288149E5008E6877 /* User.swift in Sources */ = {isa = PBXBuildFile; fileRef = 4420E113288149E5008E6877 /* User.swift */; };
		44666471287982A6002209D6 /* MONOGRAM_App.swift in Sources */ = {isa = PBXBuildFile; fileRef = 44666470287982A6002209D6 /* MONOGRAM_App.swift */; };
		44666473287982A6002209D6 /* ContentView.swift in Sources */ = {isa = PBXBuildFile; fileRef = 44666472287982A6002209D6 /* ContentView.swift */; };
		44666475287982A8002209D6 /* Assets.xcassets in Resources */ = {isa = PBXBuildFile; fileRef = 44666474287982A8002209D6 /* Assets.xcassets */; };
		44666478287982A8002209D6 /* Preview Assets.xcassets in Resources */ = {isa = PBXBuildFile; fileRef = 44666477287982A8002209D6 /* Preview Assets.xcassets */; };
		44666482287982A8002209D6 /* MONOGRAM_AppTests.swift in Sources */ = {isa = PBXBuildFile; fileRef = 44666481287982A8002209D6 /* MONOGRAM_AppTests.swift */; };
		4466648C287982A8002209D6 /* MONOGRAM_AppUITests.swift in Sources */ = {isa = PBXBuildFile; fileRef = 4466648B287982A8002209D6 /* MONOGRAM_AppUITests.swift */; };
		4466648E287982A8002209D6 /* MONOGRAM_AppUITestsLaunchTests.swift in Sources */ = {isa = PBXBuildFile; fileRef = 4466648D287982A8002209D6 /* MONOGRAM_AppUITestsLaunchTests.swift */; };
		4466649B28798588002209D6 /* HomeView.swift in Sources */ = {isa = PBXBuildFile; fileRef = 4466649A28798588002209D6 /* HomeView.swift */; };
		4478748628935CF600DCE189 /* DetailView.swift in Sources */ = {isa = PBXBuildFile; fileRef = 4478748528935CF600DCE189 /* DetailView.swift */; };
		44DD120D28813BDF00CD3CDA /* User.json in Resources */ = {isa = PBXBuildFile; fileRef = 44DD120C28813BDF00CD3CDA /* User.json */; };
		44DD12112881415C00CD3CDA /* Rooms.json in Resources */ = {isa = PBXBuildFile; fileRef = 44DD12102881415C00CD3CDA /* Rooms.json */; };
		44DD1214288144E200CD3CDA /* Room.swift in Sources */ = {isa = PBXBuildFile; fileRef = 44DD1213288144E200CD3CDA /* Room.swift */; };
/* End PBXBuildFile section */

/* Begin PBXContainerItemProxy section */
		4466647E287982A8002209D6 /* PBXContainerItemProxy */ = {
			isa = PBXContainerItemProxy;
			containerPortal = 44666465287982A5002209D6 /* Project object */;
			proxyType = 1;
			remoteGlobalIDString = 4466646C287982A6002209D6;
			remoteInfo = "MONOGRAM-App";
		};
		44666488287982A8002209D6 /* PBXContainerItemProxy */ = {
			isa = PBXContainerItemProxy;
			containerPortal = 44666465287982A5002209D6 /* Project object */;
			proxyType = 1;
			remoteGlobalIDString = 4466646C287982A6002209D6;
			remoteInfo = "MONOGRAM-App";
		};
/* End PBXContainerItemProxy section */

/* Begin PBXFileReference section */
		441AAE2E289A48E4001F2164 /* SoloGameView.swift */ = {isa = PBXFileReference; lastKnownFileType = sourcecode.swift; path = SoloGameView.swift; sourceTree = "<group>"; };
		441AAE31289A5E92001F2164 /* RoomCell.swift */ = {isa = PBXFileReference; lastKnownFileType = sourcecode.swift; path = RoomCell.swift; sourceTree = "<group>"; };
		441AAE35289A65D8001F2164 /* RoomList.swift */ = {isa = PBXFileReference; lastKnownFileType = sourcecode.swift; path = RoomList.swift; sourceTree = "<group>"; };
		441AAE37289AC7E8001F2164 /* BoardCell.swift */ = {isa = PBXFileReference; lastKnownFileType = sourcecode.swift; path = BoardCell.swift; sourceTree = "<group>"; };
		441AAE39289ADF4A001F2164 /* BoardListView.swift */ = {isa = PBXFileReference; lastKnownFileType = sourcecode.swift; path = BoardListView.swift; sourceTree = "<group>"; };
		441AAE3B289AE06F001F2164 /* Board.swift */ = {isa = PBXFileReference; lastKnownFileType = sourcecode.swift; path = Board.swift; sourceTree = "<group>"; };
		4420E113288149E5008E6877 /* User.swift */ = {isa = PBXFileReference; lastKnownFileType = sourcecode.swift; path = User.swift; sourceTree = "<group>"; };
		4466646D287982A6002209D6 /* MONOGRAM-App.app */ = {isa = PBXFileReference; explicitFileType = wrapper.application; includeInIndex = 0; path = "MONOGRAM-App.app"; sourceTree = BUILT_PRODUCTS_DIR; };
		44666470287982A6002209D6 /* MONOGRAM_App.swift */ = {isa = PBXFileReference; lastKnownFileType = sourcecode.swift; path = MONOGRAM_App.swift; sourceTree = "<group>"; };
		44666472287982A6002209D6 /* ContentView.swift */ = {isa = PBXFileReference; lastKnownFileType = sourcecode.swift; path = ContentView.swift; sourceTree = "<group>"; };
		44666474287982A8002209D6 /* Assets.xcassets */ = {isa = PBXFileReference; lastKnownFileType = folder.assetcatalog; path = Assets.xcassets; sourceTree = "<group>"; };
		44666477287982A8002209D6 /* Preview Assets.xcassets */ = {isa = PBXFileReference; lastKnownFileType = folder.assetcatalog; path = "Preview Assets.xcassets"; sourceTree = "<group>"; };
		4466647D287982A8002209D6 /* MONOGRAM-AppTests.xctest */ = {isa = PBXFileReference; explicitFileType = wrapper.cfbundle; includeInIndex = 0; path = "MONOGRAM-AppTests.xctest"; sourceTree = BUILT_PRODUCTS_DIR; };
		44666481287982A8002209D6 /* MONOGRAM_AppTests.swift */ = {isa = PBXFileReference; lastKnownFileType = sourcecode.swift; path = MONOGRAM_AppTests.swift; sourceTree = "<group>"; };
		44666487287982A8002209D6 /* MONOGRAM-AppUITests.xctest */ = {isa = PBXFileReference; explicitFileType = wrapper.cfbundle; includeInIndex = 0; path = "MONOGRAM-AppUITests.xctest"; sourceTree = BUILT_PRODUCTS_DIR; };
		4466648B287982A8002209D6 /* MONOGRAM_AppUITests.swift */ = {isa = PBXFileReference; lastKnownFileType = sourcecode.swift; path = MONOGRAM_AppUITests.swift; sourceTree = "<group>"; };
		4466648D287982A8002209D6 /* MONOGRAM_AppUITestsLaunchTests.swift */ = {isa = PBXFileReference; lastKnownFileType = sourcecode.swift; path = MONOGRAM_AppUITestsLaunchTests.swift; sourceTree = "<group>"; };
		4466649A28798588002209D6 /* HomeView.swift */ = {isa = PBXFileReference; lastKnownFileType = sourcecode.swift; path = HomeView.swift; sourceTree = "<group>"; };
		4478748528935CF600DCE189 /* DetailView.swift */ = {isa = PBXFileReference; lastKnownFileType = sourcecode.swift; path = DetailView.swift; sourceTree = "<group>"; };
		44DD120C28813BDF00CD3CDA /* User.json */ = {isa = PBXFileReference; lastKnownFileType = text.json; path = User.json; sourceTree = "<group>"; };
		44DD12102881415C00CD3CDA /* Rooms.json */ = {isa = PBXFileReference; lastKnownFileType = text.json; path = Rooms.json; sourceTree = "<group>"; };
		44DD1213288144E200CD3CDA /* Room.swift */ = {isa = PBXFileReference; lastKnownFileType = sourcecode.swift; path = Room.swift; sourceTree = "<group>"; };
/* End PBXFileReference section */

/* Begin PBXFrameworksBuildPhase section */
		4466646A287982A6002209D6 /* Frameworks */ = {
			isa = PBXFrameworksBuildPhase;
			buildActionMask = 2147483647;
			files = (
			);
			runOnlyForDeploymentPostprocessing = 0;
		};
		4466647A287982A8002209D6 /* Frameworks */ = {
			isa = PBXFrameworksBuildPhase;
			buildActionMask = 2147483647;
			files = (
			);
			runOnlyForDeploymentPostprocessing = 0;
		};
		44666484287982A8002209D6 /* Frameworks */ = {
			isa = PBXFrameworksBuildPhase;
			buildActionMask = 2147483647;
			files = (
			);
			runOnlyForDeploymentPostprocessing = 0;
		};
/* End PBXFrameworksBuildPhase section */

/* Begin PBXGroup section */
		441AAE30289A5E72001F2164 /* List */ = {
			isa = PBXGroup;
			children = (
				441AAE31289A5E92001F2164 /* RoomCell.swift */,
				441AAE35289A65D8001F2164 /* RoomList.swift */,
				441AAE37289AC7E8001F2164 /* BoardCell.swift */,
			);
			path = List;
			sourceTree = "<group>";
		};
		44666464287982A5002209D6 = {
			isa = PBXGroup;
			children = (
				4466646F287982A6002209D6 /* MONOGRAM-App */,
				44666480287982A8002209D6 /* MONOGRAM-AppTests */,
				4466648A287982A8002209D6 /* MONOGRAM-AppUITests */,
				4466646E287982A6002209D6 /* Products */,
			);
			sourceTree = "<group>";
		};
		4466646E287982A6002209D6 /* Products */ = {
			isa = PBXGroup;
			children = (
				4466646D287982A6002209D6 /* MONOGRAM-App.app */,
				4466647D287982A8002209D6 /* MONOGRAM-AppTests.xctest */,
				44666487287982A8002209D6 /* MONOGRAM-AppUITests.xctest */,
			);
			name = Products;
			sourceTree = "<group>";
		};
		4466646F287982A6002209D6 /* MONOGRAM-App */ = {
			isa = PBXGroup;
			children = (
				448AF8A82893816300A19E00 /* View */,
				44DD1212288144CD00CD3CDA /* Models */,
				44DD120B28813BBC00CD3CDA /* Mock */,
				44666470287982A6002209D6 /* MONOGRAM_App.swift */,
				44666474287982A8002209D6 /* Assets.xcassets */,
				44666476287982A8002209D6 /* Preview Content */,
			);
			path = "MONOGRAM-App";
			sourceTree = "<group>";
		};
		44666476287982A8002209D6 /* Preview Content */ = {
			isa = PBXGroup;
			children = (
				44666477287982A8002209D6 /* Preview Assets.xcassets */,
			);
			path = "Preview Content";
			sourceTree = "<group>";
		};
		44666480287982A8002209D6 /* MONOGRAM-AppTests */ = {
			isa = PBXGroup;
			children = (
				44666481287982A8002209D6 /* MONOGRAM_AppTests.swift */,
			);
			path = "MONOGRAM-AppTests";
			sourceTree = "<group>";
		};
		4466648A287982A8002209D6 /* MONOGRAM-AppUITests */ = {
			isa = PBXGroup;
			children = (
				4466648B287982A8002209D6 /* MONOGRAM_AppUITests.swift */,
				4466648D287982A8002209D6 /* MONOGRAM_AppUITestsLaunchTests.swift */,
			);
			path = "MONOGRAM-AppUITests";
			sourceTree = "<group>";
		};
		448AF8A82893816300A19E00 /* View */ = {
			isa = PBXGroup;
			children = (
				441AAE30289A5E72001F2164 /* List */,
				44666472287982A6002209D6 /* ContentView.swift */,
				4466649A28798588002209D6 /* HomeView.swift */,
				4478748528935CF600DCE189 /* DetailView.swift */,
				441AAE2E289A48E4001F2164 /* SoloGameView.swift */,
				441AAE39289ADF4A001F2164 /* BoardListView.swift */,
			);
			path = View;
			sourceTree = "<group>";
		};
		44DD120B28813BBC00CD3CDA /* Mock */ = {
			isa = PBXGroup;
			children = (
				44DD120C28813BDF00CD3CDA /* User.json */,
				44DD12102881415C00CD3CDA /* Rooms.json */,
			);
			path = Mock;
			sourceTree = "<group>";
		};
		44DD1212288144CD00CD3CDA /* Models */ = {
			isa = PBXGroup;
			children = (
				441AAE3B289AE06F001F2164 /* Board.swift */,
				44DD1213288144E200CD3CDA /* Room.swift */,
				4420E113288149E5008E6877 /* User.swift */,
			);
			path = Models;
			sourceTree = "<group>";
		};
/* End PBXGroup section */

/* Begin PBXNativeTarget section */
		4466646C287982A6002209D6 /* MONOGRAM-App */ = {
			isa = PBXNativeTarget;
			buildConfigurationList = 44666491287982A8002209D6 /* Build configuration list for PBXNativeTarget "MONOGRAM-App" */;
			buildPhases = (
				44666469287982A6002209D6 /* Sources */,
				4466646A287982A6002209D6 /* Frameworks */,
				4466646B287982A6002209D6 /* Resources */,
			);
			buildRules = (
			);
			dependencies = (
			);
			name = "MONOGRAM-App";
			productName = "MONOGRAM-App";
			productReference = 4466646D287982A6002209D6 /* MONOGRAM-App.app */;
			productType = "com.apple.product-type.application";
		};
		4466647C287982A8002209D6 /* MONOGRAM-AppTests */ = {
			isa = PBXNativeTarget;
			buildConfigurationList = 44666494287982A8002209D6 /* Build configuration list for PBXNativeTarget "MONOGRAM-AppTests" */;
			buildPhases = (
				44666479287982A8002209D6 /* Sources */,
				4466647A287982A8002209D6 /* Frameworks */,
				4466647B287982A8002209D6 /* Resources */,
			);
			buildRules = (
			);
			dependencies = (
				4466647F287982A8002209D6 /* PBXTargetDependency */,
			);
			name = "MONOGRAM-AppTests";
			productName = "MONOGRAM-AppTests";
			productReference = 4466647D287982A8002209D6 /* MONOGRAM-AppTests.xctest */;
			productType = "com.apple.product-type.bundle.unit-test";
		};
		44666486287982A8002209D6 /* MONOGRAM-AppUITests */ = {
			isa = PBXNativeTarget;
			buildConfigurationList = 44666497287982A8002209D6 /* Build configuration list for PBXNativeTarget "MONOGRAM-AppUITests" */;
			buildPhases = (
				44666483287982A8002209D6 /* Sources */,
				44666484287982A8002209D6 /* Frameworks */,
				44666485287982A8002209D6 /* Resources */,
			);
			buildRules = (
			);
			dependencies = (
				44666489287982A8002209D6 /* PBXTargetDependency */,
			);
			name = "MONOGRAM-AppUITests";
			productName = "MONOGRAM-AppUITests";
			productReference = 44666487287982A8002209D6 /* MONOGRAM-AppUITests.xctest */;
			productType = "com.apple.product-type.bundle.ui-testing";
		};
/* End PBXNativeTarget section */

/* Begin PBXProject section */
		44666465287982A5002209D6 /* Project object */ = {
			isa = PBXProject;
			attributes = {
				BuildIndependentTargetsInParallel = 1;
				LastSwiftUpdateCheck = 1340;
				LastUpgradeCheck = 1340;
				TargetAttributes = {
					4466646C287982A6002209D6 = {
						CreatedOnToolsVersion = 13.4.1;
					};
					4466647C287982A8002209D6 = {
						CreatedOnToolsVersion = 13.4.1;
						TestTargetID = 4466646C287982A6002209D6;
					};
					44666486287982A8002209D6 = {
						CreatedOnToolsVersion = 13.4.1;
						TestTargetID = 4466646C287982A6002209D6;
					};
				};
			};
			buildConfigurationList = 44666468287982A5002209D6 /* Build configuration list for PBXProject "MONOGRAM-App" */;
			compatibilityVersion = "Xcode 13.0";
			developmentRegion = en;
			hasScannedForEncodings = 0;
			knownRegions = (
				en,
				Base,
			);
			mainGroup = 44666464287982A5002209D6;
			productRefGroup = 4466646E287982A6002209D6 /* Products */;
			projectDirPath = "";
			projectRoot = "";
			targets = (
				4466646C287982A6002209D6 /* MONOGRAM-App */,
				4466647C287982A8002209D6 /* MONOGRAM-AppTests */,
				44666486287982A8002209D6 /* MONOGRAM-AppUITests */,
			);
		};
/* End PBXProject section */

/* Begin PBXResourcesBuildPhase section */
		4466646B287982A6002209D6 /* Resources */ = {
			isa = PBXResourcesBuildPhase;
			buildActionMask = 2147483647;
			files = (
				44DD120D28813BDF00CD3CDA /* User.json in Resources */,
				44666478287982A8002209D6 /* Preview Assets.xcassets in Resources */,
				44DD12112881415C00CD3CDA /* Rooms.json in Resources */,
				44666475287982A8002209D6 /* Assets.xcassets in Resources */,
			);
			runOnlyForDeploymentPostprocessing = 0;
		};
		4466647B287982A8002209D6 /* Resources */ = {
			isa = PBXResourcesBuildPhase;
			buildActionMask = 2147483647;
			files = (
			);
			runOnlyForDeploymentPostprocessing = 0;
		};
		44666485287982A8002209D6 /* Resources */ = {
			isa = PBXResourcesBuildPhase;
			buildActionMask = 2147483647;
			files = (
			);
			runOnlyForDeploymentPostprocessing = 0;
		};
/* End PBXResourcesBuildPhase section */

/* Begin PBXSourcesBuildPhase section */
		44666469287982A6002209D6 /* Sources */ = {
			isa = PBXSourcesBuildPhase;
			buildActionMask = 2147483647;
			files = (
				4466649B28798588002209D6 /* HomeView.swift in Sources */,
				44666473287982A6002209D6 /* ContentView.swift in Sources */,
				441AAE3C289AE06F001F2164 /* Board.swift in Sources */,
				4478748628935CF600DCE189 /* DetailView.swift in Sources */,
				441AAE36289A65D8001F2164 /* RoomList.swift in Sources */,
				44DD1214288144E200CD3CDA /* Room.swift in Sources */,
				441AAE38289AC7E8001F2164 /* BoardCell.swift in Sources */,
				441AAE3A289ADF4A001F2164 /* BoardListView.swift in Sources */,
				4420E114288149E5008E6877 /* User.swift in Sources */,
				441AAE32289A5E92001F2164 /* RoomCell.swift in Sources */,
				44666471287982A6002209D6 /* MONOGRAM_App.swift in Sources */,
				441AAE2F289A48E4001F2164 /* SoloGameView.swift in Sources */,
			);
			runOnlyForDeploymentPostprocessing = 0;
		};
		44666479287982A8002209D6 /* Sources */ = {
			isa = PBXSourcesBuildPhase;
			buildActionMask = 2147483647;
			files = (
				44666482287982A8002209D6 /* MONOGRAM_AppTests.swift in Sources */,
			);
			runOnlyForDeploymentPostprocessing = 0;
		};
		44666483287982A8002209D6 /* Sources */ = {
			isa = PBXSourcesBuildPhase;
			buildActionMask = 2147483647;
			files = (
				4466648E287982A8002209D6 /* MONOGRAM_AppUITestsLaunchTests.swift in Sources */,
				4466648C287982A8002209D6 /* MONOGRAM_AppUITests.swift in Sources */,
			);
			runOnlyForDeploymentPostprocessing = 0;
		};
/* End PBXSourcesBuildPhase section */

/* Begin PBXTargetDependency section */
		4466647F287982A8002209D6 /* PBXTargetDependency */ = {
			isa = PBXTargetDependency;
			target = 4466646C287982A6002209D6 /* MONOGRAM-App */;
			targetProxy = 4466647E287982A8002209D6 /* PBXContainerItemProxy */;
		};
		44666489287982A8002209D6 /* PBXTargetDependency */ = {
			isa = PBXTargetDependency;
			target = 4466646C287982A6002209D6 /* MONOGRAM-App */;
			targetProxy = 44666488287982A8002209D6 /* PBXContainerItemProxy */;
		};
/* End PBXTargetDependency section */

/* Begin XCBuildConfiguration section */
		4466648F287982A8002209D6 /* Debug */ = {
			isa = XCBuildConfiguration;
			buildSettings = {
				ALWAYS_SEARCH_USER_PATHS = NO;
				CLANG_ANALYZER_NONNULL = YES;
				CLANG_ANALYZER_NUMBER_OBJECT_CONVERSION = YES_AGGRESSIVE;
				CLANG_CXX_LANGUAGE_STANDARD = "gnu++17";
				CLANG_ENABLE_MODULES = YES;
				CLANG_ENABLE_OBJC_ARC = YES;
				CLANG_ENABLE_OBJC_WEAK = YES;
				CLANG_WARN_BLOCK_CAPTURE_AUTORELEASING = YES;
				CLANG_WARN_BOOL_CONVERSION = YES;
				CLANG_WARN_COMMA = YES;
				CLANG_WARN_CONSTANT_CONVERSION = YES;
				CLANG_WARN_DEPRECATED_OBJC_IMPLEMENTATIONS = YES;
				CLANG_WARN_DIRECT_OBJC_ISA_USAGE = YES_ERROR;
				CLANG_WARN_DOCUMENTATION_COMMENTS = YES;
				CLANG_WARN_EMPTY_BODY = YES;
				CLANG_WARN_ENUM_CONVERSION = YES;
				CLANG_WARN_INFINITE_RECURSION = YES;
				CLANG_WARN_INT_CONVERSION = YES;
				CLANG_WARN_NON_LITERAL_NULL_CONVERSION = YES;
				CLANG_WARN_OBJC_IMPLICIT_RETAIN_SELF = YES;
				CLANG_WARN_OBJC_LITERAL_CONVERSION = YES;
				CLANG_WARN_OBJC_ROOT_CLASS = YES_ERROR;
				CLANG_WARN_QUOTED_INCLUDE_IN_FRAMEWORK_HEADER = YES;
				CLANG_WARN_RANGE_LOOP_ANALYSIS = YES;
				CLANG_WARN_STRICT_PROTOTYPES = YES;
				CLANG_WARN_SUSPICIOUS_MOVE = YES;
				CLANG_WARN_UNGUARDED_AVAILABILITY = YES_AGGRESSIVE;
				CLANG_WARN_UNREACHABLE_CODE = YES;
				CLANG_WARN__DUPLICATE_METHOD_MATCH = YES;
				COPY_PHASE_STRIP = NO;
				DEBUG_INFORMATION_FORMAT = dwarf;
				DEVELOPMENT_TEAM = 9F2W2669AB;
				ENABLE_STRICT_OBJC_MSGSEND = YES;
				ENABLE_TESTABILITY = YES;
				GCC_C_LANGUAGE_STANDARD = gnu11;
				GCC_DYNAMIC_NO_PIC = NO;
				GCC_NO_COMMON_BLOCKS = YES;
				GCC_OPTIMIZATION_LEVEL = 0;
				GCC_PREPROCESSOR_DEFINITIONS = (
					"DEBUG=1",
					"$(inherited)",
				);
				GCC_WARN_64_TO_32_BIT_CONVERSION = YES;
				GCC_WARN_ABOUT_RETURN_TYPE = YES_ERROR;
				GCC_WARN_UNDECLARED_SELECTOR = YES;
				GCC_WARN_UNINITIALIZED_AUTOS = YES_AGGRESSIVE;
				GCC_WARN_UNUSED_FUNCTION = YES;
				GCC_WARN_UNUSED_VARIABLE = YES;
				IPHONEOS_DEPLOYMENT_TARGET = 15.3;
				MTL_ENABLE_DEBUG_INFO = INCLUDE_SOURCE;
				MTL_FAST_MATH = YES;
				ONLY_ACTIVE_ARCH = YES;
				SDKROOT = iphoneos;
				SWIFT_ACTIVE_COMPILATION_CONDITIONS = DEBUG;
				SWIFT_OPTIMIZATION_LEVEL = "-Onone";
			};
			name = Debug;
		};
		44666490287982A8002209D6 /* Release */ = {
			isa = XCBuildConfiguration;
			buildSettings = {
				ALWAYS_SEARCH_USER_PATHS = NO;
				CLANG_ANALYZER_NONNULL = YES;
				CLANG_ANALYZER_NUMBER_OBJECT_CONVERSION = YES_AGGRESSIVE;
				CLANG_CXX_LANGUAGE_STANDARD = "gnu++17";
				CLANG_ENABLE_MODULES = YES;
				CLANG_ENABLE_OBJC_ARC = YES;
				CLANG_ENABLE_OBJC_WEAK = YES;
				CLANG_WARN_BLOCK_CAPTURE_AUTORELEASING = YES;
				CLANG_WARN_BOOL_CONVERSION = YES;
				CLANG_WARN_COMMA = YES;
				CLANG_WARN_CONSTANT_CONVERSION = YES;
				CLANG_WARN_DEPRECATED_OBJC_IMPLEMENTATIONS = YES;
				CLANG_WARN_DIRECT_OBJC_ISA_USAGE = YES_ERROR;
				CLANG_WARN_DOCUMENTATION_COMMENTS = YES;
				CLANG_WARN_EMPTY_BODY = YES;
				CLANG_WARN_ENUM_CONVERSION = YES;
				CLANG_WARN_INFINITE_RECURSION = YES;
				CLANG_WARN_INT_CONVERSION = YES;
				CLANG_WARN_NON_LITERAL_NULL_CONVERSION = YES;
				CLANG_WARN_OBJC_IMPLICIT_RETAIN_SELF = YES;
				CLANG_WARN_OBJC_LITERAL_CONVERSION = YES;
				CLANG_WARN_OBJC_ROOT_CLASS = YES_ERROR;
				CLANG_WARN_QUOTED_INCLUDE_IN_FRAMEWORK_HEADER = YES;
				CLANG_WARN_RANGE_LOOP_ANALYSIS = YES;
				CLANG_WARN_STRICT_PROTOTYPES = YES;
				CLANG_WARN_SUSPICIOUS_MOVE = YES;
				CLANG_WARN_UNGUARDED_AVAILABILITY = YES_AGGRESSIVE;
				CLANG_WARN_UNREACHABLE_CODE = YES;
				CLANG_WARN__DUPLICATE_METHOD_MATCH = YES;
				COPY_PHASE_STRIP = NO;
				DEBUG_INFORMATION_FORMAT = "dwarf-with-dsym";
				DEVELOPMENT_TEAM = 9F2W2669AB;
				ENABLE_NS_ASSERTIONS = NO;
				ENABLE_STRICT_OBJC_MSGSEND = YES;
				GCC_C_LANGUAGE_STANDARD = gnu11;
				GCC_NO_COMMON_BLOCKS = YES;
				GCC_WARN_64_TO_32_BIT_CONVERSION = YES;
				GCC_WARN_ABOUT_RETURN_TYPE = YES_ERROR;
				GCC_WARN_UNDECLARED_SELECTOR = YES;
				GCC_WARN_UNINITIALIZED_AUTOS = YES_AGGRESSIVE;
				GCC_WARN_UNUSED_FUNCTION = YES;
				GCC_WARN_UNUSED_VARIABLE = YES;
				IPHONEOS_DEPLOYMENT_TARGET = 15.3;
				MTL_ENABLE_DEBUG_INFO = NO;
				MTL_FAST_MATH = YES;
				SDKROOT = iphoneos;
				SWIFT_COMPILATION_MODE = wholemodule;
				SWIFT_OPTIMIZATION_LEVEL = "-O";
				VALIDATE_PRODUCT = YES;
			};
			name = Release;
		};
		44666492287982A8002209D6 /* Debug */ = {
			isa = XCBuildConfiguration;
			buildSettings = {
				ASSETCATALOG_COMPILER_APPICON_NAME = AppIcon;
				ASSETCATALOG_COMPILER_GLOBAL_ACCENT_COLOR_NAME = AccentColor;
				CODE_SIGN_STYLE = Automatic;
				CURRENT_PROJECT_VERSION = 1;
				DEVELOPMENT_ASSET_PATHS = "\"MONOGRAM-App/Preview Content\"";
				ENABLE_PREVIEWS = YES;
				GENERATE_INFOPLIST_FILE = YES;
				INFOPLIST_KEY_UIApplicationSceneManifest_Generation = YES;
				INFOPLIST_KEY_UIApplicationSupportsIndirectInputEvents = YES;
				INFOPLIST_KEY_UILaunchScreen_Generation = YES;
				INFOPLIST_KEY_UISupportedInterfaceOrientations_iPad = "UIInterfaceOrientationPortrait UIInterfaceOrientationPortraitUpsideDown UIInterfaceOrientationLandscapeLeft UIInterfaceOrientationLandscapeRight";
				INFOPLIST_KEY_UISupportedInterfaceOrientations_iPhone = "UIInterfaceOrientationPortrait UIInterfaceOrientationLandscapeLeft UIInterfaceOrientationLandscapeRight";
				LD_RUNPATH_SEARCH_PATHS = (
					"$(inherited)",
					"@executable_path/Frameworks",
				);
				MARKETING_VERSION = 1.0;
				PRODUCT_BUNDLE_IDENTIFIER = "aca.knu.MONOGRAM-App";
				PRODUCT_NAME = "$(TARGET_NAME)";
				SWIFT_EMIT_LOC_STRINGS = YES;
				SWIFT_VERSION = 5.0;
				TARGETED_DEVICE_FAMILY = "1,2";
			};
			name = Debug;
		};
		44666493287982A8002209D6 /* Release */ = {
			isa = XCBuildConfiguration;
			buildSettings = {
				ASSETCATALOG_COMPILER_APPICON_NAME = AppIcon;
				ASSETCATALOG_COMPILER_GLOBAL_ACCENT_COLOR_NAME = AccentColor;
				CODE_SIGN_STYLE = Automatic;
				CURRENT_PROJECT_VERSION = 1;
				DEVELOPMENT_ASSET_PATHS = "\"MONOGRAM-App/Preview Content\"";
				ENABLE_PREVIEWS = YES;
				GENERATE_INFOPLIST_FILE = YES;
				INFOPLIST_KEY_UIApplicationSceneManifest_Generation = YES;
				INFOPLIST_KEY_UIApplicationSupportsIndirectInputEvents = YES;
				INFOPLIST_KEY_UILaunchScreen_Generation = YES;
				INFOPLIST_KEY_UISupportedInterfaceOrientations_iPad = "UIInterfaceOrientationPortrait UIInterfaceOrientationPortraitUpsideDown UIInterfaceOrientationLandscapeLeft UIInterfaceOrientationLandscapeRight";
				INFOPLIST_KEY_UISupportedInterfaceOrientations_iPhone = "UIInterfaceOrientationPortrait UIInterfaceOrientationLandscapeLeft UIInterfaceOrientationLandscapeRight";
				LD_RUNPATH_SEARCH_PATHS = (
					"$(inherited)",
					"@executable_path/Frameworks",
				);
				MARKETING_VERSION = 1.0;
				PRODUCT_BUNDLE_IDENTIFIER = "aca.knu.MONOGRAM-App";
				PRODUCT_NAME = "$(TARGET_NAME)";
				SWIFT_EMIT_LOC_STRINGS = YES;
				SWIFT_VERSION = 5.0;
				TARGETED_DEVICE_FAMILY = "1,2";
			};
			name = Release;
		};
		44666495287982A8002209D6 /* Debug */ = {
			isa = XCBuildConfiguration;
			buildSettings = {
				ALWAYS_EMBED_SWIFT_STANDARD_LIBRARIES = YES;
				BUNDLE_LOADER = "$(TEST_HOST)";
				CODE_SIGN_STYLE = Automatic;
				CURRENT_PROJECT_VERSION = 1;
				GENERATE_INFOPLIST_FILE = YES;
				IPHONEOS_DEPLOYMENT_TARGET = 15.5;
				MARKETING_VERSION = 1.0;
				PRODUCT_BUNDLE_IDENTIFIER = "aca.knu.MONOGRAM-AppTests";
				PRODUCT_NAME = "$(TARGET_NAME)";
				SWIFT_EMIT_LOC_STRINGS = NO;
				SWIFT_VERSION = 5.0;
				TARGETED_DEVICE_FAMILY = "1,2";
				TEST_HOST = "$(BUILT_PRODUCTS_DIR)/MONOGRAM-App.app/MONOGRAM-App";
			};
			name = Debug;
		};
		44666496287982A8002209D6 /* Release */ = {
			isa = XCBuildConfiguration;
			buildSettings = {
				ALWAYS_EMBED_SWIFT_STANDARD_LIBRARIES = YES;
				BUNDLE_LOADER = "$(TEST_HOST)";
				CODE_SIGN_STYLE = Automatic;
				CURRENT_PROJECT_VERSION = 1;
				GENERATE_INFOPLIST_FILE = YES;
				IPHONEOS_DEPLOYMENT_TARGET = 15.5;
				MARKETING_VERSION = 1.0;
				PRODUCT_BUNDLE_IDENTIFIER = "aca.knu.MONOGRAM-AppTests";
				PRODUCT_NAME = "$(TARGET_NAME)";
				SWIFT_EMIT_LOC_STRINGS = NO;
				SWIFT_VERSION = 5.0;
				TARGETED_DEVICE_FAMILY = "1,2";
				TEST_HOST = "$(BUILT_PRODUCTS_DIR)/MONOGRAM-App.app/MONOGRAM-App";
			};
			name = Release;
		};
		44666498287982A8002209D6 /* Debug */ = {
			isa = XCBuildConfiguration;
			buildSettings = {
				ALWAYS_EMBED_SWIFT_STANDARD_LIBRARIES = YES;
				CODE_SIGN_STYLE = Automatic;
				CURRENT_PROJECT_VERSION = 1;
				GENERATE_INFOPLIST_FILE = YES;
				MARKETING_VERSION = 1.0;
				PRODUCT_BUNDLE_IDENTIFIER = "aca.knu.MONOGRAM-AppUITests";
				PRODUCT_NAME = "$(TARGET_NAME)";
				SWIFT_EMIT_LOC_STRINGS = NO;
				SWIFT_VERSION = 5.0;
				TARGETED_DEVICE_FAMILY = "1,2";
				TEST_TARGET_NAME = "MONOGRAM-App";
			};
			name = Debug;
		};
		44666499287982A8002209D6 /* Release */ = {
			isa = XCBuildConfiguration;
			buildSettings = {
				ALWAYS_EMBED_SWIFT_STANDARD_LIBRARIES = YES;
				CODE_SIGN_STYLE = Automatic;
				CURRENT_PROJECT_VERSION = 1;
				GENERATE_INFOPLIST_FILE = YES;
				MARKETING_VERSION = 1.0;
				PRODUCT_BUNDLE_IDENTIFIER = "aca.knu.MONOGRAM-AppUITests";
				PRODUCT_NAME = "$(TARGET_NAME)";
				SWIFT_EMIT_LOC_STRINGS = NO;
				SWIFT_VERSION = 5.0;
				TARGETED_DEVICE_FAMILY = "1,2";
				TEST_TARGET_NAME = "MONOGRAM-App";
			};
			name = Release;
		};
/* End XCBuildConfiguration section */

/* Begin XCConfigurationList section */
		44666468287982A5002209D6 /* Build configuration list for PBXProject "MONOGRAM-App" */ = {
			isa = XCConfigurationList;
			buildConfigurations = (
				4466648F287982A8002209D6 /* Debug */,
				44666490287982A8002209D6 /* Release */,
			);
			defaultConfigurationIsVisible = 0;
			defaultConfigurationName = Release;
		};
		44666491287982A8002209D6 /* Build configuration list for PBXNativeTarget "MONOGRAM-App" */ = {
			isa = XCConfigurationList;
			buildConfigurations = (
				44666492287982A8002209D6 /* Debug */,
				44666493287982A8002209D6 /* Release */,
			);
			defaultConfigurationIsVisible = 0;
			defaultConfigurationName = Release;
		};
		44666494287982A8002209D6 /* Build configuration list for PBXNativeTarget "MONOGRAM-AppTests" */ = {
			isa = XCConfigurationList;
			buildConfigurations = (
				44666495287982A8002209D6 /* Debug */,
				44666496287982A8002209D6 /* Release */,
			);
			defaultConfigurationIsVisible = 0;
			defaultConfigurationName = Release;
		};
		44666497287982A8002209D6 /* Build configuration list for PBXNativeTarget "MONOGRAM-AppUITests" */ = {
			isa = XCConfigurationList;
			buildConfigurations = (
				44666498287982A8002209D6 /* Debug */,
				44666499287982A8002209D6 /* Release */,
			);
			defaultConfigurationIsVisible = 0;
			defaultConfigurationName = Release;
		};
/* End XCConfigurationList section */
	};
	rootObject = 44666465287982A5002209D6 /* Project object */;
}
